
Microsoft Visual Studio Solution File, Format Version 12.00
# Visual Studio Version 17
VisualStudioVersion = 17.0.31903.59
MinimumVisualStudioVersion = 10.0.40219.1
Project("{2150E333-8FDC-42A3-9474-1A3956D46DE8}") = "Adapters", "Adapters", "{A1000000-0000-0000-0000-000000000001}"
EndProject
Project("{2150E333-8FDC-42A3-9474-1A3956D46DE8}") = "Driven", "Driven", "{A2000000-0000-0000-0000-000000000002}"
EndProject
Project("{2150E333-8FDC-42A3-9474-1A3956D46DE8}") = "Infrastructure", "Infrastructure", "{A3000000-0000-0000-0000-000000000003}"
EndProject
Project("{FAE04EC0-301F-11D3-BF4B-00C04F79EFBC}") = "DeveloperStore.ORM", "src\DeveloperStore.ORM\DeveloperStore.ORM.csproj", "{D22230F2-FE88-4FBB-9C57-EB7FB7270355}"
EndProject
Project("{2150E333-8FDC-42A3-9474-1A3956D46DE8}") = "Drivers", "Drivers", "{A4000000-0000-0000-0000-000000000004}"
EndProject
Project("{2150E333-8FDC-42A3-9474-1A3956D46DE8}") = "WebApi", "WebApi", "{A5000000-0000-0000-0000-000000000005}"
EndProject
Project("{FAE04EC0-301F-11D3-BF4B-00C04F79EFBC}") = "DeveloperStore.WebApi", "src\DeveloperStore.WebApi\DeveloperStore.WebApi.csproj", "{29D879DF-7E91-4BD7-AE7B-CFCA1915E24D}"
EndProject
Project("{2150E333-8FDC-42A3-9474-1A3956D46DE8}") = "Core", "Core", "{A6000000-0000-0000-0000-000000000006}"
EndProject
Project("{2150E333-8FDC-42A3-9474-1A3956D46DE8}") = "Application", "Application", "{A7000000-0000-0000-0000-000000000007}"
EndProject
Project("{FAE04EC0-301F-11D3-BF4B-00C04F79EFBC}") = "DeveloperStore.Application", "src\DeveloperStore.Application\DeveloperStore.Application.csproj", "{CBE5F794-A824-4074-8550-12006E205ED9}"
EndProject
Project("{2150E333-8FDC-42A3-9474-1A3956D46DE8}") = "Domain", "Domain", "{A8000000-0000-0000-0000-000000000008}"
EndProject
Project("{FAE04EC0-301F-11D3-BF4B-00C04F79EFBC}") = "DeveloperStore.Domain", "src\DeveloperStore.Domain\DeveloperStore.Domain.csproj", "{4867CB80-680D-4B49-B88F-99C4A3AC91D5}"
EndProject
Project("{2150E333-8FDC-42A3-9474-1A3956D46DE8}") = "Crosscutting", "Crosscutting", "{A9000000-0000-0000-0000-000000000009}"
EndProject
Project("{FAE04EC0-301F-11D3-BF4B-00C04F79EFBC}") = "DeveloperStore.Common", "src\DeveloperStore.Common\DeveloperStore.Common.csproj", "{E9B660D5-06C7-4E48-87BC-647AC7C674A4}"
EndProject
Project("{FAE04EC0-301F-11D3-BF4B-00C04F79EFBC}") = "DeveloperStore.IoC", "src\DeveloperStore.IoC\DeveloperStore.IoC.csproj", "{B31BA435-0AE4-4D9C-9D02-D0E011DA56C2}"
EndProject
Project("{2150E333-8FDC-42A3-9474-1A3956D46DE8}") = "Solution Items", "Solution Items", "{AA000000-0000-0000-0000-00000000000A}"
	ProjectSection(SolutionItems) = preProject
		DeveloperStore Sales API.postman_collection.json = DeveloperStore Sales API.postman_collection.json
	EndProjectSection
EndProject
Project("{2150E333-8FDC-42A3-9474-1A3956D46DE8}") = "Tests", "Tests", "{AB000000-0000-0000-0000-00000000000B}"
EndProject
Project("{2150E333-8FDC-42A3-9474-1A3956D46DE8}") = "Functional", "Functional", "{AC000000-0000-0000-0000-00000000000C}"
EndProject
Project("{FAE04EC0-301F-11D3-BF4B-00C04F79EFBC}") = "DeveloperStore.Functional", "tests\DeveloperStore.Functional\DeveloperStore.Functional.csproj", "{B03337B5-2E25-4B15-BBA3-E455964A90BE}"
EndProject
Project("{2150E333-8FDC-42A3-9474-1A3956D46DE8}") = "Integration", "Integration", "{AD000000-0000-0000-0000-00000000000D}"
EndProject
Project("{FAE04EC0-301F-11D3-BF4B-00C04F79EFBC}") = "DeveloperStore.Integration", "tests\DeveloperStore.Integration\DeveloperStore.Integration.csproj", "{703CC744-0588-4BFF-9371-3808A01DC0D0}"
EndProject
Project("{2150E333-8FDC-42A3-9474-1A3956D46DE8}") = "Unit", "Unit", "{AE000000-0000-0000-0000-00000000000E}"
EndProject
Project("{FAE04EC0-301F-11D3-BF4B-00C04F79EFBC}") = "DeveloperStore.Unit", "tests\DeveloperStore.Unit\DeveloperStore.Unit.csproj", "{26CC62CF-36D6-4A69-8BF4-DB4F1469707B}"
EndProject
Project("{E53339B2-1760-4266-BCC7-CA923CBCF16C}") = "docker-compose", "docker-compose.dcproj", "{AF000000-0000-0000-0000-00000000000F}"
EndProject
Global
	GlobalSection(SolutionConfigurationPlatforms) = preSolution
		Debug|Any CPU = Debug|Any CPU
		Release|Any CPU = Release|Any CPU
	EndGlobalSection
	GlobalSection(SolutionProperties) = preSolution
		HideSolutionNode = FALSE
	EndGlobalSection
	GlobalSection(ProjectConfigurationPlatforms) = postSolution
		{D22230F2-FE88-4FBB-9C57-EB7FB7270355}.Debug|Any CPU.ActiveCfg = Debug|Any CPU
		{D22230F2-FE88-4FBB-9C57-EB7FB7270355}.Debug|Any CPU.Build.0 = Debug|Any CPU
		{D22230F2-FE88-4FBB-9C57-EB7FB7270355}.Release|Any CPU.ActiveCfg = Release|Any CPU
		{D22230F2-FE88-4FBB-9C57-EB7FB7270355}.Release|Any CPU.Build.0 = Release|Any CPU
		{29D879DF-7E91-4BD7-AE7B-CFCA1915E24D}.Debug|Any CPU.ActiveCfg = Debug|Any CPU
		{29D879DF-7E91-4BD7-AE7B-CFCA1915E24D}.Debug|Any CPU.Build.0 = Debug|Any CPU
		{29D879DF-7E91-4BD7-AE7B-CFCA1915E24D}.Release|Any CPU.ActiveCfg = Release|Any CPU
		{29D879DF-7E91-4BD7-AE7B-CFCA1915E24D}.Release|Any CPU.Build.0 = Release|Any CPU
		{CBE5F794-A824-4074-8550-12006E205ED9}.Debug|Any CPU.ActiveCfg = Debug|Any CPU
		{CBE5F794-A824-4074-8550-12006E205ED9}.Debug|Any CPU.Build.0 = Debug|Any CPU
		{CBE5F794-A824-4074-8550-12006E205ED9}.Release|Any CPU.ActiveCfg = Release|Any CPU
		{CBE5F794-A824-4074-8550-12006E205ED9}.Release|Any CPU.Build.0 = Release|Any CPU
		{4867CB80-680D-4B49-B88F-99C4A3AC91D5}.Debug|Any CPU.ActiveCfg = Debug|Any CPU
		{4867CB80-680D-4B49-B88F-99C4A3AC91D5}.Debug|Any CPU.Build.0 = Debug|Any CPU
		{4867CB80-680D-4B49-B88F-99C4A3AC91D5}.Release|Any CPU.ActiveCfg = Release|Any CPU
		{4867CB80-680D-4B49-B88F-99C4A3AC91D5}.Release|Any CPU.Build.0 = Release|Any CPU
		{E9B660D5-06C7-4E48-87BC-647AC7C674A4}.Debug|Any CPU.ActiveCfg = Debug|Any CPU
		{E9B660D5-06C7-4E48-87BC-647AC7C674A4}.Debug|Any CPU.Build.0 = Debug|Any CPU
		{E9B660D5-06C7-4E48-87BC-647AC7C674A4}.Release|Any CPU.ActiveCfg = Release|Any CPU
		{E9B660D5-06C7-4E48-87BC-647AC7C674A4}.Release|Any CPU.Build.0 = Release|Any CPU
		{B31BA435-0AE4-4D9C-9D02-D0E011DA56C2}.Debug|Any CPU.ActiveCfg = Debug|Any CPU
		{B31BA435-0AE4-4D9C-9D02-D0E011DA56C2}.Debug|Any CPU.Build.0 = Debug|Any CPU
		{B31BA435-0AE4-4D9C-9D02-D0E011DA56C2}.Release|Any CPU.ActiveCfg = Release|Any CPU
		{B31BA435-0AE4-4D9C-9D02-D0E011DA56C2}.Release|Any CPU.Build.0 = Release|Any CPU
		{B03337B5-2E25-4B15-BBA3-E455964A90BE}.Debug|Any CPU.ActiveCfg = Debug|Any CPU
		{B03337B5-2E25-4B15-BBA3-E455964A90BE}.Debug|Any CPU.Build.0 = Debug|Any CPU
		{B03337B5-2E25-4B15-BBA3-E455964A90BE}.Release|Any CPU.ActiveCfg = Release|Any CPU
		{B03337B5-2E25-4B15-BBA3-E455964A90BE}.Release|Any CPU.Build.0 = Release|Any CPU
		{703CC744-0588-4BFF-9371-3808A01DC0D0}.Debug|Any CPU.ActiveCfg = Debug|Any CPU
		{703CC744-0588-4BFF-9371-3808A01DC0D0}.Debug|Any CPU.Build.0 = Debug|Any CPU
		{703CC744-0588-4BFF-9371-3808A01DC0D0}.Release|Any CPU.ActiveCfg = Release|Any CPU
		{703CC744-0588-4BFF-9371-3808A01DC0D0}.Release|Any CPU.Build.0 = Release|Any CPU
		{26CC62CF-36D6-4A69-8BF4-DB4F1469707B}.Debug|Any CPU.ActiveCfg = Debug|Any CPU
		{26CC62CF-36D6-4A69-8BF4-DB4F1469707B}.Debug|Any CPU.Build.0 = Debug|Any CPU
		{26CC62CF-36D6-4A69-8BF4-DB4F1469707B}.Release|Any CPU.ActiveCfg = Release|Any CPU
		{26CC62CF-36D6-4A69-8BF4-DB4F1469707B}.Release|Any CPU.Build.0 = Release|Any CPU
		{AF000000-0000-0000-0000-00000000000F}.Debug|Any CPU.ActiveCfg = Debug|Any CPU
		{AF000000-0000-0000-0000-00000000000F}.Debug|Any CPU.Build.0 = Debug|Any CPU
		{AF000000-0000-0000-0000-00000000000F}.Release|Any CPU.ActiveCfg = Release|Any CPU
		{AF000000-0000-0000-0000-00000000000F}.Release|Any CPU.Build.0 = Release|Any CPU
	EndGlobalSection
	GlobalSection(NestedProjects) = preSolution
		{A2000000-0000-0000-0000-000000000002} = {A1000000-0000-0000-0000-000000000001}
		{A3000000-0000-0000-0000-000000000003} = {A2000000-0000-0000-0000-000000000002}
		{D22230F2-FE88-4FBB-9C57-EB7FB7270355} = {A3000000-0000-0000-0000-000000000003}
		{A4000000-0000-0000-0000-000000000004} = {A1000000-0000-0000-0000-000000000001}
		{A5000000-0000-0000-0000-000000000005} = {A4000000-0000-0000-0000-000000000004}
		{29D879DF-7E91-4BD7-AE7B-CFCA1915E24D} = {A5000000-0000-0000-0000-000000000005}
		{A7000000-0000-0000-0000-000000000007} = {A6000000-0000-0000-0000-000000000006}
		{CBE5F794-A824-4074-8550-12006E205ED9} = {A7000000-0000-0000-0000-000000000007}
		{A8000000-0000-0000-0000-000000000008} = {A6000000-0000-0000-0000-000000000006}
		{4867CB80-680D-4B49-B88F-99C4A3AC91D5} = {A8000000-0000-0000-0000-000000000008}
		{E9B660D5-06C7-4E48-87BC-647AC7C674A4} = {A9000000-0000-0000-0000-000000000009}
		{B31BA435-0AE4-4D9C-9D02-D0E011DA56C2} = {A9000000-0000-0000-0000-000000000009}
		{AC000000-0000-0000-0000-00000000000C} = {AB000000-0000-0000-0000-00000000000B}
		{B03337B5-2E25-4B15-BBA3-E455964A90BE} = {AC000000-0000-0000-0000-00000000000C}
		{AD000000-0000-0000-0000-00000000000D} = {AB000000-0000-0000-0000-00000000000B}
		{703CC744-0588-4BFF-9371-3808A01DC0D0} = {AD000000-0000-0000-0000-00000000000D}
		{AE000000-0000-0000-0000-00000000000E} = {AB000000-0000-0000-0000-00000000000B}
		{26CC62CF-36D6-4A69-8BF4-DB4F1469707B} = {AE000000-0000-0000-0000-00000000000E}
	EndGlobalSection
EndGlobal
